
Microsoft Visual Studio Solution File, Format Version 12.00
# Visual Studio Version 16
VisualStudioVersion = 16.0.29905.134
MinimumVisualStudioVersion = 10.0.40219.1
Project("{FAE04EC0-301F-11D3-BF4B-00C04F79EFBC}") = "SaboteurX", "SaboteurX\SaboteurX.csproj", "{8C6CCEBC-3D60-4411-B71D-042BAD4F5CE5}"
EndProject
Global
	GlobalSection(SolutionConfigurationPlatforms) = preSolution
		Debug|Any CPU = Debug|Any CPU
		Release|Any CPU = Release|Any CPU
	EndGlobalSection
	GlobalSection(ProjectConfigurationPlatforms) = postSolution
		{8C6CCEBC-3D60-4411-B71D-042BAD4F5CE5}.Debug|Any CPU.ActiveCfg = Debug|Any CPU
		{8C6CCEBC-3D60-4411-B71D-042BAD4F5CE5}.Debug|Any CPU.Build.0 = Debug|Any CPU
		{8C6CCEBC-3D60-4411-B71D-042BAD4F5CE5}.Release|Any CPU.ActiveCfg = Release|Any CPU
		{8C6CCEBC-3D60-4411-B71D-042BAD4F5CE5}.Release|Any CPU.Build.0 = Release|Any CPU
	EndGlobalSection
	GlobalSection(SolutionProperties) = preSolution
		HideSolutionNode = FALSE
	EndGlobalSection
	GlobalSection(ExtensibilityGlobals) = postSolution
		SolutionGuid = {923B6690-1C40-41AB-976A-92EC4AB249CF}
	EndGlobalSection
EndGlobal
